
Microsoft Visual Studio Solution File, Format Version 9.00
# Visual Studio 2005
Project("{930C7802-8A8C-48F9-8165-68863BCCD9DD}") = "runtime_x86", "runtime_x86\runtime_x86.wixproj", "{CC1ED2AB-2ABE-4DEB-9DB3-65E546C80142}"
	ProjectSection(ProjectDependencies) = postProject
		{780FE098-D364-44FE-AEA3-8DEB67F3BF7B} = {780FE098-D364-44FE-AEA3-8DEB67F3BF7B}
	EndProjectSection
EndProject
Project("{930C7802-8A8C-48F9-8165-68863BCCD9DD}") = "runtime_x64", "runtime_x64\runtime_x64.wixproj", "{2B76A1E6-28F4-4301-8FB7-5B979208C099}"
	ProjectSection(ProjectDependencies) = postProject
		{A6721383-D122-4CEE-BBD9-F38BB4D2FAE1} = {A6721383-D122-4CEE-BBD9-F38BB4D2FAE1}
	EndProjectSection
EndProject
Project("{930C7802-8A8C-48F9-8165-68863BCCD9DD}") = "runtime_msm_x86", "runtime_msm_x86\runtime_msm_x86.wixproj", "{780FE098-D364-44FE-AEA3-8DEB67F3BF7B}"
EndProject
Project("{930C7802-8A8C-48F9-8165-68863BCCD9DD}") = "runtime_msm_x64", "runtime_msm_x64\runtime_msm_x64.wixproj", "{A6721383-D122-4CEE-BBD9-F38BB4D2FAE1}"
EndProject
Global
	GlobalSection(SolutionConfigurationPlatforms) = preSolution
		Debug|Any CPU = Debug|Any CPU
		Release|Any CPU = Release|Any CPU
	EndGlobalSection
	GlobalSection(ProjectConfigurationPlatforms) = postSolution
		{CC1ED2AB-2ABE-4DEB-9DB3-65E546C80142}.Debug|Any CPU.ActiveCfg = Debug|Any CPU
		{CC1ED2AB-2ABE-4DEB-9DB3-65E546C80142}.Debug|Any CPU.Build.0 = Debug|Any CPU
		{CC1ED2AB-2ABE-4DEB-9DB3-65E546C80142}.Release|Any CPU.ActiveCfg = Release|Any CPU
		{CC1ED2AB-2ABE-4DEB-9DB3-65E546C80142}.Release|Any CPU.Build.0 = Release|Any CPU
		{2B76A1E6-28F4-4301-8FB7-5B979208C099}.Debug|Any CPU.ActiveCfg = Debug|Any CPU
		{2B76A1E6-28F4-4301-8FB7-5B979208C099}.Debug|Any CPU.Build.0 = Debug|Any CPU
		{2B76A1E6-28F4-4301-8FB7-5B979208C099}.Release|Any CPU.ActiveCfg = Release|Any CPU
		{2B76A1E6-28F4-4301-8FB7-5B979208C099}.Release|Any CPU.Build.0 = Release|Any CPU
		{780FE098-D364-44FE-AEA3-8DEB67F3BF7B}.Debug|Any CPU.ActiveCfg = Debug|Any CPU
		{780FE098-D364-44FE-AEA3-8DEB67F3BF7B}.Debug|Any CPU.Build.0 = Debug|Any CPU
		{780FE098-D364-44FE-AEA3-8DEB67F3BF7B}.Release|Any CPU.ActiveCfg = Release|Any CPU
		{780FE098-D364-44FE-AEA3-8DEB67F3BF7B}.Release|Any CPU.Build.0 = Release|Any CPU
		{A6721383-D122-4CEE-BBD9-F38BB4D2FAE1}.Debug|Any CPU.ActiveCfg = Debug|Any CPU
		{A6721383-D122-4CEE-BBD9-F38BB4D2FAE1}.Debug|Any CPU.Build.0 = Debug|Any CPU
		{A6721383-D122-4CEE-BBD9-F38BB4D2FAE1}.Release|Any CPU.ActiveCfg = Release|Any CPU
		{A6721383-D122-4CEE-BBD9-F38BB4D2FAE1}.Release|Any CPU.Build.0 = Release|Any CPU
	EndGlobalSection
	GlobalSection(SolutionProperties) = preSolution
		HideSolutionNode = FALSE
	EndGlobalSection
EndGlobal
