
Microsoft Visual Studio Solution File, Format Version 9.00
# Visual Studio 2005
Project("{FAE04EC0-301F-11D3-BF4B-00C04F79EFBC}") = "srcprep", "srcprep\srcprep.csproj", "{8831DE2A-DA37-4176-9D5B-7807F76DFB93}"
EndProject
Project("{F184B08F-C81C-45F6-A57F-5ABD9991F28F}") = "mkversion", "mkversion\mkversion.vbproj", "{E6CE0E59-5F95-47D9-AE3B-73890C6144A2}"
EndProject
Project("{FAE04EC0-301F-11D3-BF4B-00C04F79EFBC}") = "build", "build\build.csproj", "{745E19EC-18DB-45F6-A826-348F0414D158}"
EndProject
Global
	GlobalSection(SolutionConfigurationPlatforms) = preSolution
		Debug|Any CPU = Debug|Any CPU
		Release|Any CPU = Release|Any CPU
	EndGlobalSection
	GlobalSection(ProjectConfigurationPlatforms) = postSolution
		{8831DE2A-DA37-4176-9D5B-7807F76DFB93}.Debug|Any CPU.ActiveCfg = Debug|Any CPU
		{8831DE2A-DA37-4176-9D5B-7807F76DFB93}.Debug|Any CPU.Build.0 = Debug|Any CPU
		{8831DE2A-DA37-4176-9D5B-7807F76DFB93}.Release|Any CPU.ActiveCfg = Release|Any CPU
		{8831DE2A-DA37-4176-9D5B-7807F76DFB93}.Release|Any CPU.Build.0 = Release|Any CPU
		{E6CE0E59-5F95-47D9-AE3B-73890C6144A2}.Debug|Any CPU.ActiveCfg = Debug|Any CPU
		{E6CE0E59-5F95-47D9-AE3B-73890C6144A2}.Debug|Any CPU.Build.0 = Debug|Any CPU
		{E6CE0E59-5F95-47D9-AE3B-73890C6144A2}.Release|Any CPU.ActiveCfg = Release|Any CPU
		{E6CE0E59-5F95-47D9-AE3B-73890C6144A2}.Release|Any CPU.Build.0 = Release|Any CPU
		{745E19EC-18DB-45F6-A826-348F0414D158}.Debug|Any CPU.ActiveCfg = Debug|Any CPU
		{745E19EC-18DB-45F6-A826-348F0414D158}.Debug|Any CPU.Build.0 = Debug|Any CPU
		{745E19EC-18DB-45F6-A826-348F0414D158}.Release|Any CPU.ActiveCfg = Release|Any CPU
		{745E19EC-18DB-45F6-A826-348F0414D158}.Release|Any CPU.Build.0 = Release|Any CPU
	EndGlobalSection
	GlobalSection(SolutionProperties) = preSolution
		HideSolutionNode = FALSE
	EndGlobalSection
EndGlobal
